
Microsoft Visual Studio Solution File, Format Version 12.00
# Visual Studio 15
VisualStudioVersion = 15.0.27004.2009
MinimumVisualStudioVersion = 10.0.40219.1
Project("{A07B5EB6-E848-4116-A8D0-A826331D98C6}") = "MixTestAsf", "MixTestAsf\MixTestAsf.sfproj", "{FCC6C681-C334-4970-AE69-E21D0472DC7F}"
EndProject
Project("{9A19103F-16F7-4668-BE54-9A1E7A4F7556}") = "DotNetActor", "DotNetActor\DotNetActor.csproj", "{DBD224C1-B930-48AB-8E81-16915628E7B3}"
EndProject
Project("{9A19103F-16F7-4668-BE54-9A1E7A4F7556}") = "DotNetActor.Interfaces", "DotNetActor.Interfaces\DotNetActor.Interfaces.csproj", "{FD79965E-670A-42A2-999C-51C79203EDA4}"
EndProject
Project("{9A19103F-16F7-4668-BE54-9A1E7A4F7556}") = "DotNetCoreStateful", "DotNetCoreStateful\DotNetCoreStateful.csproj", "{403D305B-A346-4D52-9524-5C911FB02BDB}"
EndProject
Global
	GlobalSection(SolutionConfigurationPlatforms) = preSolution
		Debug|Any CPU = Debug|Any CPU
		Debug|x64 = Debug|x64
		Release|Any CPU = Release|Any CPU
		Release|x64 = Release|x64
	EndGlobalSection
	GlobalSection(ProjectConfigurationPlatforms) = postSolution
		{FCC6C681-C334-4970-AE69-E21D0472DC7F}.Debug|Any CPU.ActiveCfg = Debug|x64
		{FCC6C681-C334-4970-AE69-E21D0472DC7F}.Debug|x64.ActiveCfg = Debug|x64
		{FCC6C681-C334-4970-AE69-E21D0472DC7F}.Debug|x64.Build.0 = Debug|x64
		{FCC6C681-C334-4970-AE69-E21D0472DC7F}.Debug|x64.Deploy.0 = Debug|x64
		{FCC6C681-C334-4970-AE69-E21D0472DC7F}.Release|Any CPU.ActiveCfg = Release|x64
		{FCC6C681-C334-4970-AE69-E21D0472DC7F}.Release|x64.ActiveCfg = Release|x64
		{FCC6C681-C334-4970-AE69-E21D0472DC7F}.Release|x64.Build.0 = Release|x64
		{FCC6C681-C334-4970-AE69-E21D0472DC7F}.Release|x64.Deploy.0 = Release|x64
		{DBD224C1-B930-48AB-8E81-16915628E7B3}.Debug|Any CPU.ActiveCfg = Debug|Any CPU
		{DBD224C1-B930-48AB-8E81-16915628E7B3}.Debug|Any CPU.Build.0 = Debug|Any CPU
		{DBD224C1-B930-48AB-8E81-16915628E7B3}.Debug|x64.ActiveCfg = Debug|x64
		{DBD224C1-B930-48AB-8E81-16915628E7B3}.Debug|x64.Build.0 = Debug|x64
		{DBD224C1-B930-48AB-8E81-16915628E7B3}.Release|Any CPU.ActiveCfg = Release|Any CPU
		{DBD224C1-B930-48AB-8E81-16915628E7B3}.Release|Any CPU.Build.0 = Release|Any CPU
		{DBD224C1-B930-48AB-8E81-16915628E7B3}.Release|x64.ActiveCfg = Release|Any CPU
		{DBD224C1-B930-48AB-8E81-16915628E7B3}.Release|x64.Build.0 = Release|Any CPU
		{FD79965E-670A-42A2-999C-51C79203EDA4}.Debug|Any CPU.ActiveCfg = Debug|Any CPU
		{FD79965E-670A-42A2-999C-51C79203EDA4}.Debug|Any CPU.Build.0 = Debug|Any CPU
		{FD79965E-670A-42A2-999C-51C79203EDA4}.Debug|x64.ActiveCfg = Debug|x64
		{FD79965E-670A-42A2-999C-51C79203EDA4}.Debug|x64.Build.0 = Debug|x64
		{FD79965E-670A-42A2-999C-51C79203EDA4}.Release|Any CPU.ActiveCfg = Release|Any CPU
		{FD79965E-670A-42A2-999C-51C79203EDA4}.Release|Any CPU.Build.0 = Release|Any CPU
		{FD79965E-670A-42A2-999C-51C79203EDA4}.Release|x64.ActiveCfg = Release|Any CPU
		{FD79965E-670A-42A2-999C-51C79203EDA4}.Release|x64.Build.0 = Release|Any CPU
		{403D305B-A346-4D52-9524-5C911FB02BDB}.Debug|Any CPU.ActiveCfg = Debug|Any CPU
		{403D305B-A346-4D52-9524-5C911FB02BDB}.Debug|Any CPU.Build.0 = Debug|Any CPU
		{403D305B-A346-4D52-9524-5C911FB02BDB}.Debug|x64.ActiveCfg = Debug|x64
		{403D305B-A346-4D52-9524-5C911FB02BDB}.Debug|x64.Build.0 = Debug|x64
		{403D305B-A346-4D52-9524-5C911FB02BDB}.Release|Any CPU.ActiveCfg = Release|Any CPU
		{403D305B-A346-4D52-9524-5C911FB02BDB}.Release|Any CPU.Build.0 = Release|Any CPU
		{403D305B-A346-4D52-9524-5C911FB02BDB}.Release|x64.ActiveCfg = Release|Any CPU
		{403D305B-A346-4D52-9524-5C911FB02BDB}.Release|x64.Build.0 = Release|Any CPU
	EndGlobalSection
	GlobalSection(SolutionProperties) = preSolution
		HideSolutionNode = FALSE
	EndGlobalSection
	GlobalSection(ExtensibilityGlobals) = postSolution
		SolutionGuid = {74491B75-6590-49F7-9125-06B57A284D82}
	EndGlobalSection
EndGlobal
